
Microsoft Visual Studio Solution File, Format Version 12.00
# Visual Studio 15
VisualStudioVersion = 15.0.28307.902
MinimumVisualStudioVersion = 10.0.40219.1
Project("{FAE04EC0-301F-11D3-BF4B-00C04F79EFBC}") = "lab6_LZW", "lab6_LZW\lab6_LZW.csproj", "{4D5C6216-8B2D-44CC-9DF8-411AB0D75712}"
EndProject
Global
	GlobalSection(SolutionConfigurationPlatforms) = preSolution
		Debug|Any CPU = Debug|Any CPU
		Release|Any CPU = Release|Any CPU
	EndGlobalSection
	GlobalSection(ProjectConfigurationPlatforms) = postSolution
		{4D5C6216-8B2D-44CC-9DF8-411AB0D75712}.Debug|Any CPU.ActiveCfg = Debug|Any CPU
		{4D5C6216-8B2D-44CC-9DF8-411AB0D75712}.Debug|Any CPU.Build.0 = Debug|Any CPU
		{4D5C6216-8B2D-44CC-9DF8-411AB0D75712}.Release|Any CPU.ActiveCfg = Release|Any CPU
		{4D5C6216-8B2D-44CC-9DF8-411AB0D75712}.Release|Any CPU.Build.0 = Release|Any CPU
	EndGlobalSection
	GlobalSection(SolutionProperties) = preSolution
		HideSolutionNode = FALSE
	EndGlobalSection
	GlobalSection(ExtensibilityGlobals) = postSolution
		SolutionGuid = {85D9D67B-D238-45B2-A498-4FE418B0D512}
	EndGlobalSection
EndGlobal
