
Microsoft Visual Studio Solution File, Format Version 12.00
# Visual Studio 15
VisualStudioVersion = 15.0.28307.902
MinimumVisualStudioVersion = 10.0.40219.1
Project("{FAE04EC0-301F-11D3-BF4B-00C04F79EFBC}") = "program", "program\program.csproj", "{AB3A1E5D-7C26-40B1-B20E-52F9DDCDEC72}"
EndProject
Project("{FAE04EC0-301F-11D3-BF4B-00C04F79EFBC}") = "installer", "installer\installer.csproj", "{1A5533D5-999A-425C-9064-C788DA32324C}"
EndProject
Global
	GlobalSection(SolutionConfigurationPlatforms) = preSolution
		Debug|Any CPU = Debug|Any CPU
		Release|Any CPU = Release|Any CPU
	EndGlobalSection
	GlobalSection(ProjectConfigurationPlatforms) = postSolution
		{AB3A1E5D-7C26-40B1-B20E-52F9DDCDEC72}.Debug|Any CPU.ActiveCfg = Debug|Any CPU
		{AB3A1E5D-7C26-40B1-B20E-52F9DDCDEC72}.Debug|Any CPU.Build.0 = Debug|Any CPU
		{AB3A1E5D-7C26-40B1-B20E-52F9DDCDEC72}.Release|Any CPU.ActiveCfg = Release|Any CPU
		{AB3A1E5D-7C26-40B1-B20E-52F9DDCDEC72}.Release|Any CPU.Build.0 = Release|Any CPU
		{1A5533D5-999A-425C-9064-C788DA32324C}.Debug|Any CPU.ActiveCfg = Debug|Any CPU
		{1A5533D5-999A-425C-9064-C788DA32324C}.Debug|Any CPU.Build.0 = Debug|Any CPU
		{1A5533D5-999A-425C-9064-C788DA32324C}.Release|Any CPU.ActiveCfg = Release|Any CPU
		{1A5533D5-999A-425C-9064-C788DA32324C}.Release|Any CPU.Build.0 = Release|Any CPU
	EndGlobalSection
	GlobalSection(SolutionProperties) = preSolution
		HideSolutionNode = FALSE
	EndGlobalSection
	GlobalSection(ExtensibilityGlobals) = postSolution
		SolutionGuid = {E6B63F2B-1759-4528-90B6-ECC6D615421B}
	EndGlobalSection
EndGlobal
